dependencies:
- name: elasticsearch
  repository: https://helm.elastic.co
  version: 7.17.3
- name: kafka
  repository: https://charts.bitnami.com/bitnami
  version: 25.0.1
- name: schema-registry
  repository: https://charts.bitnami.com/bitnami
  version: 13.0.5
digest: sha256:4773503a5bfa19322d85ae66af0f19d79858b81a41ada9ce0ad5671128015359
generated: "2023-08-28T13:39:22.1780229+02:00"
