dependencies:
- name: elasticsearch
  repository: https://helm.elastic.co
  version: 7.9.3
- name: kafka
  repository: https://charts.bitnami.com/bitnami
  version: 11.8.8
digest: sha256:d81e6f9894f43ae7b23e76b6ff845f2eec72493115b8faa84c0e23786fcaf1d4
generated: "2020-11-15T11:50:29.042554064+01:00"
